
Microsoft Visual Studio Solution File, Format Version 11.00
# Visual Studio 2010
Project("{FAE04EC0-301F-11D3-BF4B-00C04F79EFBC}") = "ebox_client", "ebox_client\ebox_client.csproj", "{BCFD3A06-1CF6-4FFE-900D-82BFB03D2587}"
EndProject
Global
	GlobalSection(SolutionConfigurationPlatforms) = preSolution
		Debug|x86 = Debug|x86
		Release|x86 = Release|x86
	EndGlobalSection
	GlobalSection(ProjectConfigurationPlatforms) = postSolution
		{BCFD3A06-1CF6-4FFE-900D-82BFB03D2587}.Debug|x86.ActiveCfg = Debug|x86
		{BCFD3A06-1CF6-4FFE-900D-82BFB03D2587}.Debug|x86.Build.0 = Debug|x86
		{BCFD3A06-1CF6-4FFE-900D-82BFB03D2587}.Release|x86.ActiveCfg = Release|x86
		{BCFD3A06-1CF6-4FFE-900D-82BFB03D2587}.Release|x86.Build.0 = Release|x86
	EndGlobalSection
	GlobalSection(SolutionProperties) = preSolution
		HideSolutionNode = FALSE
	EndGlobalSection
EndGlobal
